// !$*UTF8*$!
{
	archiveVersion = 1;
	classes = {
	};
	objectVersion = 46;
	objects = {

/* Begin PBXBuildFile section */
		906EC63A8039468E8821456E /* libPods.a in Frameworks */ = {isa = PBXBuildFile; fileRef = 6842608A1F2F472886ECB522 /* libPods.a */; };
		9B47E0CC19536F0B002F11C2 /* AppDelegate.swift in Sources */ = {isa = PBXBuildFile; fileRef = 9B47E0CB19536F0B002F11C2 /* AppDelegate.swift */; };
		9B47E0CE19536F0B002F11C2 /* Images.xcassets in Resources */ = {isa = PBXBuildFile; fileRef = 9B47E0CD19536F0B002F11C2 /* Images.xcassets */; };
		9B47E0DA19536F0B002F11C2 /* WithCocoaPodsTests.swift in Sources */ = {isa = PBXBuildFile; fileRef = 9B47E0D919536F0B002F11C2 /* WithCocoaPodsTests.swift */; };
/* End PBXBuildFile section */

/* Begin PBXContainerItemProxy section */
		9B47E0D419536F0B002F11C2 /* PBXContainerItemProxy */ = {
			isa = PBXContainerItemProxy;
			containerPortal = 9B47E0BE19536F0B002F11C2 /* Project object */;
			proxyType = 1;
			remoteGlobalIDString = 9B47E0C519536F0B002F11C2;
			remoteInfo = WithCocoaPods;
		};
/* End PBXContainerItemProxy section */

/* Begin PBXFileReference section */
		6842608A1F2F472886ECB522 /* libPods.a */ = {isa = PBXFileReference; explicitFileType = archive.ar; includeInIndex = 0; path = libPods.a; sourceTree = BUILT_PRODUCTS_DIR; };
		9B47E0C619536F0B002F11C2 /* WithCocoaPods.app */ = {isa = PBXFileReference; explicitFileType = wrapper.application; includeInIndex = 0; path = WithCocoaPods.app; sourceTree = BUILT_PRODUCTS_DIR; };
		9B47E0CA19536F0B002F11C2 /* Info.plist */ = {isa = PBXFileReference; lastKnownFileType = text.plist.xml; path = Info.plist; sourceTree = "<group>"; };
		9B47E0CB19536F0B002F11C2 /* AppDelegate.swift */ = {isa = PBXFileReference; lastKnownFileType = sourcecode.swift; path = AppDelegate.swift; sourceTree = "<group>"; };
		9B47E0CD19536F0B002F11C2 /* Images.xcassets */ = {isa = PBXFileReference; lastKnownFileType = folder.assetcatalog; path = Images.xcassets; sourceTree = "<group>"; };
		9B47E0D319536F0B002F11C2 /* WithCocoaPodsTests.xctest */ = {isa = PBXFileReference; explicitFileType = wrapper.cfbundle; includeInIndex = 0; path = WithCocoaPodsTests.xctest; sourceTree = BUILT_PRODUCTS_DIR; };
		9B47E0D819536F0B002F11C2 /* Info.plist */ = {isa = PBXFileReference; lastKnownFileType = text.plist.xml; path = Info.plist; sourceTree = "<group>"; };
		9B47E0D919536F0B002F11C2 /* WithCocoaPodsTests.swift */ = {isa = PBXFileReference; lastKnownFileType = sourcecode.swift; path = WithCocoaPodsTests.swift; sourceTree = "<group>"; };
		9B47E0E319536FC0002F11C2 /* WithCocoaPods-Bridging-Header.h */ = {isa = PBXFileReference; lastKnownFileType = sourcecode.c.h; path = "WithCocoaPods-Bridging-Header.h"; sourceTree = "<group>"; };
		C34F3F140CFD452CAB1F4429 /* Pods.xcconfig */ = {isa = PBXFileReference; includeInIndex = 1; lastKnownFileType = text.xcconfig; name = Pods.xcconfig; path = Pods/Pods.xcconfig; sourceTree = "<group>"; };
/* End PBXFileReference section */

/* Begin PBXFrameworksBuildPhase section */
		9B47E0C319536F0B002F11C2 /* Frameworks */ = {
			isa = PBXFrameworksBuildPhase;
			buildActionMask = 2147483647;
			files = (
				906EC63A8039468E8821456E /* libPods.a in Frameworks */,
			);
			runOnlyForDeploymentPostprocessing = 0;
		};
		9B47E0D019536F0B002F11C2 /* Frameworks */ = {
			isa = PBXFrameworksBuildPhase;
			buildActionMask = 2147483647;
			files = (
			);
			runOnlyForDeploymentPostprocessing = 0;
		};
/* End PBXFrameworksBuildPhase section */

/* Begin PBXGroup section */
		303CC28785BD4DEEA3F5FFCE /* Frameworks */ = {
			isa = PBXGroup;
			children = (
				6842608A1F2F472886ECB522 /* libPods.a */,
			);
			name = Frameworks;
			sourceTree = "<group>";
		};
		9B47E0BD19536F0B002F11C2 = {
			isa = PBXGroup;
			children = (
				9B47E0C819536F0B002F11C2 /* WithCocoaPods */,
				9B47E0D619536F0B002F11C2 /* WithCocoaPodsTests */,
				9B47E0C719536F0B002F11C2 /* Products */,
				C34F3F140CFD452CAB1F4429 /* Pods.xcconfig */,
				303CC28785BD4DEEA3F5FFCE /* Frameworks */,
			);
			sourceTree = "<group>";
		};
		9B47E0C719536F0B002F11C2 /* Products */ = {
			isa = PBXGroup;
			children = (
				9B47E0C619536F0B002F11C2 /* WithCocoaPods.app */,
				9B47E0D319536F0B002F11C2 /* WithCocoaPodsTests.xctest */,
			);
			name = Products;
			sourceTree = "<group>";
		};
		9B47E0C819536F0B002F11C2 /* WithCocoaPods */ = {
			isa = PBXGroup;
			children = (
				9B47E0CB19536F0B002F11C2 /* AppDelegate.swift */,
				9B47E0CD19536F0B002F11C2 /* Images.xcassets */,
				9B47E0C919536F0B002F11C2 /* Supporting Files */,
				9B47E0E319536FC0002F11C2 /* WithCocoaPods-Bridging-Header.h */,
			);
			path = WithCocoaPods;
			sourceTree = "<group>";
		};
		9B47E0C919536F0B002F11C2 /* Supporting Files */ = {
			isa = PBXGroup;
			children = (
				9B47E0CA19536F0B002F11C2 /* Info.plist */,
			);
			name = "Supporting Files";
			sourceTree = "<group>";
		};
		9B47E0D619536F0B002F11C2 /* WithCocoaPodsTests */ = {
			isa = PBXGroup;
			children = (
				9B47E0D919536F0B002F11C2 /* WithCocoaPodsTests.swift */,
				9B47E0D719536F0B002F11C2 /* Supporting Files */,
			);
			path = WithCocoaPodsTests;
			sourceTree = "<group>";
		};
		9B47E0D719536F0B002F11C2 /* Supporting Files */ = {
			isa = PBXGroup;
			children = (
				9B47E0D819536F0B002F11C2 /* Info.plist */,
			);
			name = "Supporting Files";
			sourceTree = "<group>";
		};
/* End PBXGroup section */

/* Begin PBXNativeTarget section */
		9B47E0C519536F0B002F11C2 /* WithCocoaPods */ = {
			isa = PBXNativeTarget;
			buildConfigurationList = 9B47E0DD19536F0B002F11C2 /* Build configuration list for PBXNativeTarget "WithCocoaPods" */;
			buildPhases = (
				BA26076C5B254512A80BE7F2 /* Check Pods Manifest.lock */,
				9B47E0C219536F0B002F11C2 /* Sources */,
				9B47E0C319536F0B002F11C2 /* Frameworks */,
				9B47E0C419536F0B002F11C2 /* Resources */,
				880945B4F88C4616ACA19527 /* Copy Pods Resources */,
			);
			buildRules = (
			);
			dependencies = (
			);
			name = WithCocoaPods;
			productName = WithCocoaPods;
			productReference = 9B47E0C619536F0B002F11C2 /* WithCocoaPods.app */;
			productType = "com.apple.product-type.application";
		};
		9B47E0D219536F0B002F11C2 /* WithCocoaPodsTests */ = {
			isa = PBXNativeTarget;
			buildConfigurationList = 9B47E0E019536F0B002F11C2 /* Build configuration list for PBXNativeTarget "WithCocoaPodsTests" */;
			buildPhases = (
				9B47E0CF19536F0B002F11C2 /* Sources */,
				9B47E0D019536F0B002F11C2 /* Frameworks */,
				9B47E0D119536F0B002F11C2 /* Resources */,
			);
			buildRules = (
			);
			dependencies = (
				9B47E0D519536F0B002F11C2 /* PBXTargetDependency */,
			);
			name = WithCocoaPodsTests;
			productName = WithCocoaPodsTests;
			productReference = 9B47E0D319536F0B002F11C2 /* WithCocoaPodsTests.xctest */;
			productType = "com.apple.product-type.bundle.unit-test";
		};
/* End PBXNativeTarget section */

/* Begin PBXProject section */
		9B47E0BE19536F0B002F11C2 /* Project object */ = {
			isa = PBXProject;
			attributes = {
				LastUpgradeCheck = 0600;
				ORGANIZATIONNAME = tnantoka;
				TargetAttributes = {
					9B47E0C519536F0B002F11C2 = {
						CreatedOnToolsVersion = 6.0;
					};
					9B47E0D219536F0B002F11C2 = {
						CreatedOnToolsVersion = 6.0;
						TestTargetID = 9B47E0C519536F0B002F11C2;
					};
				};
			};
			buildConfigurationList = 9B47E0C119536F0B002F11C2 /* Build configuration list for PBXProject "WithCocoaPods" */;
			compatibilityVersion = "Xcode 3.2";
			developmentRegion = English;
			hasScannedForEncodings = 0;
			knownRegions = (
				en,
			);
			mainGroup = 9B47E0BD19536F0B002F11C2;
			productRefGroup = 9B47E0C719536F0B002F11C2 /* Products */;
			projectDirPath = "";
			projectRoot = "";
			targets = (
				9B47E0C519536F0B002F11C2 /* WithCocoaPods */,
				9B47E0D219536F0B002F11C2 /* WithCocoaPodsTests */,
			);
		};
/* End PBXProject section */

/* Begin PBXResourcesBuildPhase section */
		9B47E0C419536F0B002F11C2 /* Resources */ = {
			isa = PBXResourcesBuildPhase;
			buildActionMask = 2147483647;
			files = (
				9B47E0CE19536F0B002F11C2 /* Images.xcassets in Resources */,
			);
			runOnlyForDeploymentPostprocessing = 0;
		};
		9B47E0D119536F0B002F11C2 /* Resources */ = {
			isa = PBXResourcesBuildPhase;
			buildActionMask = 2147483647;
			files = (
			);
			runOnlyForDeploymentPostprocessing = 0;
		};
/* End PBXResourcesBuildPhase section */

/* Begin PBXShellScriptBuildPhase section */
		880945B4F88C4616ACA19527 /* Copy Pods Resources */ = {
			isa = PBXShellScriptBuildPhase;
			buildActionMask = 2147483647;
			files = (
			);
			inputPaths = (
			);
			name = "Copy Pods Resources";
			outputPaths = (
			);
			runOnlyForDeploymentPostprocessing = 0;
			shellPath = /bin/sh;
			shellScript = "\"${SRCROOT}/Pods/Pods-resources.sh\"\n";
			showEnvVarsInLog = 0;
		};
		BA26076C5B254512A80BE7F2 /* Check Pods Manifest.lock */ = {
			isa = PBXShellScriptBuildPhase;
			buildActionMask = 2147483647;
			files = (
			);
			inputPaths = (
			);
			name = "Check Pods Manifest.lock";
			outputPaths = (
			);
			runOnlyForDeploymentPostprocessing = 0;
			shellPath = /bin/sh;
			shellScript = "diff \"${PODS_ROOT}/../Podfile.lock\" \"${PODS_ROOT}/Manifest.lock\" > /dev/null\nif [[ $? != 0 ]] ; then\n    cat << EOM\nerror: The sandbox is not in sync with the Podfile.lock. Run 'pod install' or update your CocoaPods installation.\nEOM\n    exit 1\nfi\n";
			showEnvVarsInLog = 0;
		};
/* End PBXShellScriptBuildPhase section */

/* Begin PBXSourcesBuildPhase section */
		9B47E0C219536F0B002F11C2 /* Sources */ = {
			isa = PBXSourcesBuildPhase;
			buildActionMask = 2147483647;
			files = (
				9B47E0CC19536F0B002F11C2 /* AppDelegate.swift in Sources */,
			);
			runOnlyForDeploymentPostprocessing = 0;
		};
		9B47E0CF19536F0B002F11C2 /* Sources */ = {
			isa = PBXSourcesBuildPhase;
			buildActionMask = 2147483647;
			files = (
				9B47E0DA19536F0B002F11C2 /* WithCocoaPodsTests.swift in Sources */,
			);
			runOnlyForDeploymentPostprocessing = 0;
		};
/* End PBXSourcesBuildPhase section */

/* Begin PBXTargetDependency section */
		9B47E0D519536F0B002F11C2 /* PBXTargetDependency */ = {
			isa = PBXTargetDependency;
			target = 9B47E0C519536F0B002F11C2 /* WithCocoaPods */;
			targetProxy = 9B47E0D419536F0B002F11C2 /* PBXContainerItemProxy */;
		};
/* End PBXTargetDependency section */

/* Begin XCBuildConfiguration section */
		9B47E0DB19536F0B002F11C2 /* Debug */ = {
			isa = XCBuildConfiguration;
			buildSettings = {
				ALWAYS_SEARCH_USER_PATHS = NO;
				CLANG_CXX_LANGUAGE_STANDARD = "gnu++0x";
				CLANG_CXX_LIBRARY = "libc++";
				CLANG_ENABLE_MODULES = YES;
				CLANG_ENABLE_OBJC_ARC = YES;
				CLANG_WARN_BOOL_CONVERSION = YES;
				CLANG_WARN_CONSTANT_CONVERSION = YES;
				CLANG_WARN_DIRECT_OBJC_ISA_USAGE = YES_ERROR;
				CLANG_WARN_EMPTY_BODY = YES;
				CLANG_WARN_ENUM_CONVERSION = YES;
				CLANG_WARN_INT_CONVERSION = YES;
				CLANG_WARN_OBJC_ROOT_CLASS = YES_ERROR;
				CLANG_WARN_UNREACHABLE_CODE = YES;
				CLANG_WARN__DUPLICATE_METHOD_MATCH = YES;
				"CODE_SIGN_IDENTITY[sdk=iphoneos*]" = "iPhone Developer";
				COPY_PHASE_STRIP = NO;
				ENABLE_STRICT_OBJC_MSGSEND = YES;
				GCC_C_LANGUAGE_STANDARD = gnu99;
				GCC_DYNAMIC_NO_PIC = NO;
				GCC_OPTIMIZATION_LEVEL = 0;
				GCC_PREPROCESSOR_DEFINITIONS = (
					"DEBUG=1",
					"$(inherited)",
				);
				GCC_SYMBOLS_PRIVATE_EXTERN = NO;
				GCC_WARN_64_TO_32_BIT_CONVERSION = YES;
				GCC_WARN_ABOUT_RETURN_TYPE = YES_ERROR;
				GCC_WARN_UNDECLARED_SELECTOR = YES;
				GCC_WARN_UNINITIALIZED_AUTOS = YES_AGGRESSIVE;
				GCC_WARN_UNUSED_FUNCTION = YES;
				GCC_WARN_UNUSED_VARIABLE = YES;
				IPHONEOS_DEPLOYMENT_TARGET = 7.1;
				METAL_ENABLE_DEBUG_INFO = YES;
				ONLY_ACTIVE_ARCH = YES;
				SDKROOT = iphoneos;
				SWIFT_OPTIMIZATION_LEVEL = "-Onone";
			};
			name = Debug;
		};
		9B47E0DC19536F0B002F11C2 /* Release */ = {
			isa = XCBuildConfiguration;
			buildSettings = {
				ALWAYS_SEARCH_USER_PATHS = NO;
				CLANG_CXX_LANGUAGE_STANDARD = "gnu++0x";
				CLANG_CXX_LIBRARY = "libc++";
				CLANG_ENABLE_MODULES = YES;
				CLANG_ENABLE_OBJC_ARC = YES;
				CLANG_WARN_BOOL_CONVERSION = YES;
				CLANG_WARN_CONSTANT_CONVERSION = YES;
				CLANG_WARN_DIRECT_OBJC_ISA_USAGE = YES_ERROR;
				CLANG_WARN_EMPTY_BODY = YES;
				CLANG_WARN_ENUM_CONVERSION = YES;
				CLANG_WARN_INT_CONVERSION = YES;
				CLANG_WARN_OBJC_ROOT_CLASS = YES_ERROR;
				CLANG_WARN_UNREACHABLE_CODE = YES;
				CLANG_WARN__DUPLICATE_METHOD_MATCH = YES;
				"CODE_SIGN_IDENTITY[sdk=iphoneos*]" = "iPhone Developer";
				COPY_PHASE_STRIP = YES;
				ENABLE_NS_ASSERTIONS = NO;
				ENABLE_STRICT_OBJC_MSGSEND = YES;
				GCC_C_LANGUAGE_STANDARD = gnu99;
				GCC_WARN_64_TO_32_BIT_CONVERSION = YES;
				GCC_WARN_ABOUT_RETURN_TYPE = YES_ERROR;
				GCC_WARN_UNDECLARED_SELECTOR = YES;
				GCC_WARN_UNINITIALIZED_AUTOS = YES_AGGRESSIVE;
				GCC_WARN_UNUSED_FUNCTION = YES;
				GCC_WARN_UNUSED_VARIABLE = YES;
				IPHONEOS_DEPLOYMENT_TARGET = 7.1;
				METAL_ENABLE_DEBUG_INFO = NO;
				SDKROOT = iphoneos;
				VALIDATE_PRODUCT = YES;
			};
			name = Release;
		};
		9B47E0DE19536F0B002F11C2 /* Debug */ = {
			isa = XCBuildConfiguration;
			baseConfigurationReference = C34F3F140CFD452CAB1F4429 /* Pods.xcconfig */;
			buildSettings = {
				ASSETCATALOG_COMPILER_APPICON_NAME = AppIcon;
				ASSETCATALOG_COMPILER_LAUNCHIMAGE_NAME = LaunchImage;
				CLANG_ENABLE_MODULES = YES;
				INFOPLIST_FILE = WithCocoaPods/Info.plist;
				LD_RUNPATH_SEARCH_PATHS = "$(inherited) @executable_path/Frameworks";
				PRODUCT_NAME = "$(TARGET_NAME)";
				SWIFT_OBJC_BRIDGING_HEADER = "WithCocoaPods/WithCocoaPods-Bridging-Header.h";
				SWIFT_OPTIMIZATION_LEVEL = "-Onone";
			};
			name = Debug;
		};
		9B47E0DF19536F0B002F11C2 /* Release */ = {
			isa = XCBuildConfiguration;
			baseConfigurationReference = C34F3F140CFD452CAB1F4429 /* Pods.xcconfig */;
			buildSettings = {
				ASSETCATALOG_COMPILER_APPICON_NAME = AppIcon;
				ASSETCATALOG_COMPILER_LAUNCHIMAGE_NAME = LaunchImage;
				CLANG_ENABLE_MODULES = YES;
				INFOPLIST_FILE = WithCocoaPods/Info.plist;
				LD_RUNPATH_SEARCH_PATHS = "$(inherited) @executable_path/Frameworks";
				PRODUCT_NAME = "$(TARGET_NAME)";
				SWIFT_OBJC_BRIDGING_HEADER = "WithCocoaPods/WithCocoaPods-Bridging-Header.h";
			};
			name = Release;
		};
		9B47E0E119536F0B002F11C2 /* Debug */ = {
			isa = XCBuildConfiguration;
			buildSettings = {
				BUNDLE_LOADER = "$(BUILT_PRODUCTS_DIR)/WithCocoaPods.app/WithCocoaPods";
				FRAMEWORK_SEARCH_PATHS = (
					"$(SDKROOT)/Developer/Library/Frameworks",
					"$(inherited)",
				);
				GCC_PREPROCESSOR_DEFINITIONS = (
					"DEBUG=1",
					"$(inherited)",
				);
				INFOPLIST_FILE = WithCocoaPodsTests/Info.plist;
				LD_RUNPATH_SEARCH_PATHS = "$(inherited) @executable_path/Frameworks @loader_path/Frameworks";
				METAL_ENABLE_DEBUG_INFO = YES;
				PRODUCT_NAME = "$(TARGET_NAME)";
				TEST_HOST = "$(BUNDLE_LOADER)";
			};
			name = Debug;
		};
		9B47E0E219536F0B002F11C2 /* Release */ = {
			isa = XCBuildConfiguration;
			buildSettings = {
				BUNDLE_LOADER = "$(BUILT_PRODUCTS_DIR)/WithCocoaPods.app/WithCocoaPods";
				FRAMEWORK_SEARCH_PATHS = (
					"$(SDKROOT)/Developer/Library/Frameworks",
					"$(inherited)",
				);
				INFOPLIST_FILE = WithCocoaPodsTests/Info.plist;
				LD_RUNPATH_SEARCH_PATHS = "$(inherited) @executable_path/Frameworks @loader_path/Frameworks";
				METAL_ENABLE_DEBUG_INFO = NO;
				PRODUCT_NAME = "$(TARGET_NAME)";
				TEST_HOST = "$(BUNDLE_LOADER)";
			};
			name = Release;
		};
/* End XCBuildConfiguration section */

/* Begin XCConfigurationList section */
		9B47E0C119536F0B002F11C2 /* Build configuration list for PBXProject "WithCocoaPods" */ = {
			isa = XCConfigurationList;
			buildConfigurations = (
				9B47E0DB19536F0B002F11C2 /* Debug */,
				9B47E0DC19536F0B002F11C2 /* Release */,
			);
			defaultConfigurationIsVisible = 0;
			defaultConfigurationName = Release;
		};
		9B47E0DD19536F0B002F11C2 /* Build configuration list for PBXNativeTarget "WithCocoaPods" */ = {
			isa = XCConfigurationList;
			buildConfigurations = (
				9B47E0DE19536F0B002F11C2 /* Debug */,
				9B47E0DF19536F0B002F11C2 /* Release */,
			);
			defaultConfigurationIsVisible = 0;
			defaultConfigurationName = Release;
		};
		9B47E0E019536F0B002F11C2 /* Build configuration list for PBXNativeTarget "WithCocoaPodsTests" */ = {
			isa = XCConfigurationList;
			buildConfigurations = (
				9B47E0E119536F0B002F11C2 /* Debug */,
				9B47E0E219536F0B002F11C2 /* Release */,
			);
			defaultConfigurationIsVisible = 0;
			defaultConfigurationName = Release;
		};
/* End XCConfigurationList section */
	};
	rootObject = 9B47E0BE19536F0B002F11C2 /* Project object */;
}
